{
  "name": "saml2",
  "version": "1.0.0",
  "lockfileVersion": 1,
  "requires": true,
  "dependencies": {
    "@oozcitak/dom": {
      "version": "1.15.10",
      "resolved": "https://registry.npmjs.org/@oozcitak/dom/-/dom-1.15.10.tgz",
      "integrity": "sha512-0JT29/LaxVgRcGKvHmSrUTEvZ8BXvZhGl2LASRUgHqDTC1M5g1pLmVv56IYNyt3bG2CUjDkc67wnyZC14pbQrQ==",
      "requires": {
        "@oozcitak/infra": "1.0.8",
        "@oozcitak/url": "1.0.4",
        "@oozcitak/util": "8.3.8"
      }
    },
    "@oozcitak/infra": {
      "version": "1.0.8",
      "resolved": "https://registry.npmjs.org/@oozcitak/infra/-/infra-1.0.8.tgz",
      "integrity": "sha512-JRAUc9VR6IGHOL7OGF+yrvs0LO8SlqGnPAMqyzOuFZPSZSXI7Xf2O9+awQPSMXgIWGtgUf/dA6Hs6X6ySEaWTg==",
      "requires": {
        "@oozcitak/util": "8.3.8"
      }
    },
    "@oozcitak/url": {
      "version": "1.0.4",
      "resolved": "https://registry.npmjs.org/@oozcitak/url/-/url-1.0.4.tgz",
      "integrity": "sha512-kDcD8y+y3FCSOvnBI6HJgl00viO/nGbQoCINmQ0h98OhnGITrWR3bOGfwYCthgcrV8AnTJz8MzslTQbC3SOAmw==",
      "requires": {
        "@oozcitak/infra": "1.0.8",
        "@oozcitak/util": "8.3.8"
      }
    },
    "@oozcitak/util": {
      "version": "8.3.8",
      "resolved": "https://registry.npmjs.org/@oozcitak/util/-/util-8.3.8.tgz",
      "integrity": "sha512-T8TbSnGsxo6TDBJx/Sgv/BlVJL3tshxZP7Aq5R1mSnM5OcHY2dQaxLMu2+E8u3gN0MLOzdjurqN4ZRVuzQycOQ=="
    },
    "@types/async": {
      "version": "3.2.15",
      "resolved": "https://registry.npmjs.org/@types/async/-/async-3.2.15.tgz",
      "integrity": "sha512-PAmPfzvFA31mRoqZyTVsgJMsvbynR429UTTxhmfsUCrWGh3/fxOrzqBtaTPJsn4UtzTv4Vb0+/O7CARWb69N4g==",
      "dev": true
    },
    "@types/debug": {
      "version": "4.1.7",
      "resolved": "https://registry.npmjs.org/@types/debug/-/debug-4.1.7.tgz",
      "integrity": "sha512-9AonUzyTjXXhEOa0DnqpzZi6VHlqKMswga9EXjpXnnqxwLtdvPPtlO8evrI5D9S6asFRCQ6v+wpiUKbw+vKqyg==",
      "dev": true,
      "requires": {
        "@types/ms": "*"
      }
    },
    "@types/lodash": {
      "version": "4.14.186",
      "resolved": "https://registry.npmjs.org/@types/lodash/-/lodash-4.14.186.tgz",
      "integrity": "sha512-eHcVlLXP0c2FlMPm56ITode2AgLMSa6aJ05JTTbYbI+7EMkCEE5qk2E41d5g2lCVTqRe0GnnRFurmlCsDODrPw==",
      "dev": true
    },
    "@types/ms": {
      "version": "0.7.31",
      "resolved": "https://registry.npmjs.org/@types/ms/-/ms-0.7.31.tgz",
      "integrity": "sha512-iiUgKzV9AuaEkZqkOLDIvlQiL6ltuZd9tGcW3gwpnX8JbuiuhFlEGmmFXEXkN50Cvq7Os88IY2v0dkDqXYWVgA==",
      "dev": true
    },
    "@types/node": {
      "version": "18.8.0",
      "resolved": "https://registry.npmjs.org/@types/node/-/node-18.8.0.tgz",
      "integrity": "sha512-u+h43R6U8xXDt2vzUaVP3VwjjLyOJk6uEciZS8OSyziUQGOwmk+l+4drxcsDboHXwyTaqS1INebghmWMRxq3LA=="
    },
    "@types/xml-crypto": {
      "version": "1.4.2",
      "resolved": "https://registry.npmjs.org/@types/xml-crypto/-/xml-crypto-1.4.2.tgz",
      "integrity": "sha512-1kT+3gVkeBDg7Ih8NefxGYfCApwZViMIs5IEs5AXF6Fpsrnf9CLAEIRh0DYb1mIcRcvysVbe27cHsJD6rJi36w==",
      "dev": true,
      "requires": {
        "@types/node": "*",
        "xpath": "0.0.27"
      },
      "dependencies": {
        "xpath": {
          "version": "0.0.27",
          "resolved": "https://registry.npmjs.org/xpath/-/xpath-0.0.27.tgz",
          "integrity": "sha512-fg03WRxtkCV6ohClePNAECYsmpKKTv5L8y/X3Dn1hQrec3POx2jHZ/0P2qQ6HvsrU1BmeqXcof3NGGueG6LxwQ==",
          "dev": true
        }
      }
    },
    "@types/xml-encryption": {
      "version": "1.2.1",
      "resolved": "https://registry.npmjs.org/@types/xml-encryption/-/xml-encryption-1.2.1.tgz",
      "integrity": "sha512-UeyZkfZFZSa9XCGU5uGgUmsSLwQESDJvF076bJGyDf2gkXJjKvK8fW/x4ckvEHB2M/5RHJEkMc5xI+JrdmCTKA==",
      "dev": true,
      "requires": {
        "@types/node": "*"
      }
    },
    "@xmldom/xmldom": {
      "version": "0.8.2",
      "resolved": "https://registry.npmjs.org/@xmldom/xmldom/-/xmldom-0.8.2.tgz",
      "integrity": "sha512-+R0juSseERyoPvnBQ/cZih6bpF7IpCXlWbHRoCRzYzqpz6gWHOgf8o4MOEf6KBVuOyqU+gCNLkCWVIJAro8XyQ=="
    },
    "argparse": {
      "version": "1.0.10",
      "resolved": "https://registry.npmjs.org/argparse/-/argparse-1.0.10.tgz",
      "integrity": "sha512-o5Roy6tNG4SL/FOkCAN6RzjiakZS25RLYFrcMttJqbdd8BWrnA+fGz57iN5Pb06pvBGvl5gQ0B48dJlslXvoTg==",
      "requires": {
        "sprintf-js": "~1.0.2"
      }
    },
    "async": {
      "version": "3.2.4",
      "resolved": "https://registry.npmjs.org/async/-/async-3.2.4.tgz",
      "integrity": "sha512-iAB+JbDEGXhyIUavoDl9WP/Jj106Kz9DEn1DPgYw5ruDn0e3Wgi3sKFm55sASdGBNOQB8F59d9qQ7deqrHA8wQ=="
    },
    "debug": {
      "version": "4.3.4",
      "resolved": "https://registry.npmjs.org/debug/-/debug-4.3.4.tgz",
      "integrity": "sha512-PRWFHuSU3eDtQJPvnNY7Jcket1j0t5OuOsFzPPzsekD52Zl8qUfFIPEiswXqIvHWGVHOgX+7G/vCNNhehwxfkQ==",
      "requires": {
        "ms": "2.1.2"
      }
    },
    "escape-html": {
      "version": "1.0.3",
      "resolved": "https://registry.npmjs.org/escape-html/-/escape-html-1.0.3.tgz",
      "integrity": "sha512-NiSupZ4OeuGwr68lGIeym/ksIZMJodUGOSCZ/FSnTxcrekbvqrgdUxlJOMpijaKZVjAJrWrGs/6Jy8OMuyj9ow=="
    },
    "esprima": {
      "version": "4.0.1",
      "resolved": "https://registry.npmjs.org/esprima/-/esprima-4.0.1.tgz",
      "integrity": "sha512-eGuFFw7Upda+g4p+QHvnW0RyTX/SVeJBDM/gCtMARO0cLuT2HcEKnTPvhjV6aGeqrCB/sbNop0Kszm0jsaWU4A=="
    },
    "js-yaml": {
      "version": "3.14.0",
      "resolved": "https://registry.npmjs.org/js-yaml/-/js-yaml-3.14.0.tgz",
      "integrity": "sha512-/4IbIeHcD9VMHFqDR/gQ7EdZdLimOvW2DdcxFjdyyZ9NsbS+ccrXqVWDtab/lRl5AlUqmpBx8EhPaWR+OtY17A==",
      "requires": {
        "argparse": "^1.0.7",
        "esprima": "^4.0.0"
      }
    },
    "lodash": {
      "version": "4.17.21",
      "resolved": "https://registry.npmjs.org/lodash/-/lodash-4.17.21.tgz",
      "integrity": "sha512-v2kDEe57lecTulaDIuNTPy3Ry4gLGJ6Z1O3vE1krgXZNrsQ+LFTGHVxVjcXPs17LhbZVGedAJv8XZ1tvj5FvSg=="
    },
    "ms": {
      "version": "2.1.2",
      "resolved": "https://registry.npmjs.org/ms/-/ms-2.1.2.tgz",
      "integrity": "sha512-sGkPx+VjMtmA6MX27oA4FBFELFCZZ4S4XqeGOXCv68tT+jb3vk/RyaKWP0PTKyWtmLSM0b+adUTEvbs1PEaH2w=="
    },
    "sprintf-js": {
      "version": "1.0.3",
      "resolved": "https://registry.npmjs.org/sprintf-js/-/sprintf-js-1.0.3.tgz",
      "integrity": "sha512-D9cPgkvLlV3t3IzL0D0YLvGA9Ahk4PcvVwUbN0dSGr1aP0Nrt4AEnTUbuGvquEC0mA64Gqt1fzirlRs5ibXx8g=="
    },
    "xml-crypto": {
      "version": "2.1.4",
      "resolved": "https://registry.npmjs.org/xml-crypto/-/xml-crypto-2.1.4.tgz",
      "integrity": "sha512-ModFeGOy67L/XXHcuepnYGF7DASEDw7fhvy+qIs1ORoH55G1IIr+fN0kaMtttwvmNFFMskD9AHro8wx352/mUg==",
      "requires": {
        "@xmldom/xmldom": "^0.7.0",
        "xpath": "0.0.32"
      },
      "dependencies": {
        "@xmldom/xmldom": {
          "version": "0.7.5",
          "resolved": "https://registry.npmjs.org/@xmldom/xmldom/-/xmldom-0.7.5.tgz",
          "integrity": "sha512-V3BIhmY36fXZ1OtVcI9W+FxQqxVLsPKcNjWigIaa81dLC9IolJl5Mt4Cvhmr0flUnjSpTdrbMTSbXqYqV5dT6A=="
        }
      }
    },
    "xml-encryption": {
      "version": "2.0.0",
      "resolved": "https://registry.npmjs.org/xml-encryption/-/xml-encryption-2.0.0.tgz",
      "integrity": "sha512-4Av83DdvAgUQQMfi/w8G01aJshbEZP9ewjmZMpS9t3H+OCZBDvyK4GJPnHGfWiXlArnPbYvR58JB9qF2x9Ds+Q==",
      "requires": {
        "@xmldom/xmldom": "^0.7.0",
        "escape-html": "^1.0.3",
        "xpath": "0.0.32"
      },
      "dependencies": {
        "@xmldom/xmldom": {
          "version": "0.7.5",
          "resolved": "https://registry.npmjs.org/@xmldom/xmldom/-/xmldom-0.7.5.tgz",
          "integrity": "sha512-V3BIhmY36fXZ1OtVcI9W+FxQqxVLsPKcNjWigIaa81dLC9IolJl5Mt4Cvhmr0flUnjSpTdrbMTSbXqYqV5dT6A=="
        }
      }
    },
    "xmlbuilder2": {
      "version": "3.0.2",
      "resolved": "https://registry.npmjs.org/xmlbuilder2/-/xmlbuilder2-3.0.2.tgz",
      "integrity": "sha512-h4MUawGY21CTdhV4xm3DG9dgsqyhDkZvVJBx88beqX8wJs3VgyGQgAn5VreHuae6unTQxh115aMK5InCVmOIKw==",
      "requires": {
        "@oozcitak/dom": "1.15.10",
        "@oozcitak/infra": "1.0.8",
        "@oozcitak/util": "8.3.8",
        "@types/node": "*",
        "js-yaml": "3.14.0"
      }
    },
    "xpath": {
      "version": "0.0.32",
      "resolved": "https://registry.npmjs.org/xpath/-/xpath-0.0.32.tgz",
      "integrity": "sha512-rxMJhSIoiO8vXcWvSifKqhvV96GjiD5wYb8/QHdoRyQvraTpp4IEv944nhGausZZ3u7dhQXteZuZbaqfpB7uYw=="
    }
  }
}
